{
	"name": "MEAN",
	"version": "0.0.4",
	"lockfileVersion": 2,
	"requires": true,
	"packages": {
		"": {
			"name": "MEAN",
			"version": "0.0.4",
			"dependencies": {
				"body-parser": "~1.8.0",
				"bower": "^1.8.12",
				"compression": "~1.0.11",
				"connect-flash": "~0.1.1",
				"dotenv": "^10.0.0",
				"ejs": "~1.0.0",
				"express": "~4.8.8",
				"express-session": "~1.7.6",
				"jquery": "~1.9.0",
				"method-override": "~2.2.0",
				"mongoose": "~4.1.12",
				"morgan": "~1.3.0",
				"passport": "~0.3.2",
				"passport-google-oauth": "~0.1.5",
				"passport-local": "~1.0.0",
				"requirejs": "^2.3.6"
			}
		},
		"node_modules/accepts": {
			"version": "1.0.7",
			"resolved": "https://registry.npmjs.org/accepts/-/accepts-1.0.7.tgz",
			"integrity": "sha1-W1AftPBwQwmWTM2wSBclQSCNqxo=",
			"dependencies": {
				"mime-types": "~1.0.0",
				"negotiator": "0.4.7"
			},
			"engines": {
				"node": ">= 0.8.0"
			}
		},
		"node_modules/accepts/node_modules/mime-types": {
			"version": "1.0.2",
			"resolved": "https://registry.npmjs.org/mime-types/-/mime-types-1.0.2.tgz",
			"integrity": "sha1-mVrhOSq4r/y/yyZB3QVOlDwNXc4=",
			"engines": {
				"node": ">= 0.8.0"
			}
		},
		"node_modules/any-promise": {
			"version": "1.1.0",
			"resolved": "https://registry.npmjs.org/any-promise/-/any-promise-1.1.0.tgz",
			"integrity": "sha1-AOKk94siRU/23+xDbt8vk6jFn6g="
		},
		"node_modules/async": {
			"version": "0.9.0",
			"resolved": "https://registry.npmjs.org/async/-/async-0.9.0.tgz",
			"integrity": "sha1-rDYTsdqb7RtHUQu0ZRuJMeRxRsc="
		},
		"node_modules/base64-url": {
			"version": "1.2.1",
			"resolved": "https://registry.npmjs.org/base64-url/-/base64-url-1.2.1.tgz",
			"integrity": "sha1-GZ/WYXAqDnt9yubgaYuwicUvbXg="
		},
		"node_modules/basic-auth": {
			"version": "1.0.0",
			"resolved": "https://registry.npmjs.org/basic-auth/-/basic-auth-1.0.0.tgz",
			"integrity": "sha1-ERstn/jk5tE2uMhOpeCWy4c1Fjc="
		},
		"node_modules/bluebird": {
			"version": "2.9.26",
			"resolved": "https://registry.npmjs.org/bluebird/-/bluebird-2.9.26.tgz",
			"integrity": "sha1-Nidy6k0J9VakufO2TC/RNuh+OlU="
		},
		"node_modules/body-parser": {
			"version": "1.8.4",
			"resolved": "https://registry.npmjs.org/body-parser/-/body-parser-1.8.4.tgz",
			"integrity": "sha1-1JfgS8E7P5qL2McLsM3Bby4CiJg=",
			"dependencies": {
				"bytes": "1.0.0",
				"depd": "0.4.5",
				"iconv-lite": "0.4.4",
				"media-typer": "0.3.0",
				"on-finished": "2.1.0",
				"qs": "2.2.4",
				"raw-body": "1.3.0",
				"type-is": "~1.5.1"
			},
			"engines": {
				"node": ">= 0.8"
			}
		},
		"node_modules/bower": {
			"version": "1.8.12",
			"resolved": "https://registry.npmjs.org/bower/-/bower-1.8.12.tgz",
			"integrity": "sha512-u1xy9SrwwoPlgjuHNjhV+YUPVdqyBj2ALBxuzeIUKXaPI2i2xypGgxqXkuHcITGdi5yBj5JuXgyMvgiWiS1S3Q==",
			"bin": {
				"bower": "bin/bower"
			},
			"engines": {
				"node": ">=0.10.0"
			}
		},
		"node_modules/bson": {
			"version": "0.4.22",
			"resolved": "https://registry.npmjs.org/bson/-/bson-0.4.22.tgz",
			"integrity": "sha1-Pe5UgHKGNjvfkhwi3lTo2SCgUtE=",
			"deprecated": "Fixed a critical issue with BSON serialization documented in CVE-2019-2391, see https://bit.ly/2KcpXdo for more details",
			"engines": {
				"node": ">=0.6.19"
			}
		},
		"node_modules/buffer-crc32": {
			"version": "0.2.3",
			"resolved": "https://registry.npmjs.org/buffer-crc32/-/buffer-crc32-0.2.3.tgz",
			"integrity": "sha1-u1RRnpXRB8vSQA520MqxRnM22SE=",
			"engines": {
				"node": "*"
			}
		},
		"node_modules/bytes": {
			"version": "1.0.0",
			"resolved": "https://registry.npmjs.org/bytes/-/bytes-1.0.0.tgz",
			"integrity": "sha1-NWnt6Lo0MV+rmcPpLLBMciDeH6g="
		},
		"node_modules/compressible": {
			"version": "1.1.1",
			"resolved": "https://registry.npmjs.org/compressible/-/compressible-1.1.1.tgz",
			"integrity": "sha1-I7ceqQ6mxqZiiXAakYGCwk0HKe8="
		},
		"node_modules/compression": {
			"version": "1.0.11",
			"resolved": "https://registry.npmjs.org/compression/-/compression-1.0.11.tgz",
			"integrity": "sha1-aXAM8e6JY0VDVqwZKm5ekeIyv/s=",
			"dependencies": {
				"accepts": "~1.0.7",
				"bytes": "1.0.0",
				"compressible": "~1.1.1",
				"debug": "1.0.4",
				"on-headers": "~1.0.0",
				"vary": "~1.0.0"
			},
			"engines": {
				"node": ">= 0.8.0"
			}
		},
		"node_modules/connect-flash": {
			"version": "0.1.1",
			"resolved": "https://registry.npmjs.org/connect-flash/-/connect-flash-0.1.1.tgz",
			"integrity": "sha1-2GMPJtlaf4UfmVax6MxnMvO2qjA=",
			"engines": {
				"node": ">= 0.4.0"
			}
		},
		"node_modules/cookie": {
			"version": "0.1.2",
			"resolved": "https://registry.npmjs.org/cookie/-/cookie-0.1.2.tgz",
			"integrity": "sha1-cv7D0k5Io0Mgc9kMEmQgBQYQBLE=",
			"engines": {
				"node": "*"
			}
		},
		"node_modules/cookie-signature": {
			"version": "1.0.4",
			"resolved": "https://registry.npmjs.org/cookie-signature/-/cookie-signature-1.0.4.tgz",
			"integrity": "sha1-Dt0iKG46ERuaKnDbNj6SXoZ/aso="
		},
		"node_modules/core-util-is": {
			"version": "1.0.2",
			"resolved": "https://registry.npmjs.org/core-util-is/-/core-util-is-1.0.2.tgz",
			"integrity": "sha1-tf1UIgqivFq1eqtxQMlAdUUDwac="
		},
		"node_modules/debug": {
			"version": "1.0.4",
			"resolved": "https://registry.npmjs.org/debug/-/debug-1.0.4.tgz",
			"integrity": "sha1-W5wla9VLbsAigxdvqKDt5tFUy/g=",
			"dependencies": {
				"ms": "0.6.2"
			}
		},
		"node_modules/depd": {
			"version": "0.4.5",
			"resolved": "https://registry.npmjs.org/depd/-/depd-0.4.5.tgz",
			"integrity": "sha1-GmZLUziLSmVz6K5ntfdnxpPKl/E=",
			"engines": {
				"node": ">= 0.6"
			}
		},
		"node_modules/destroy": {
			"version": "1.0.3",
			"resolved": "https://registry.npmjs.org/destroy/-/destroy-1.0.3.tgz",
			"integrity": "sha1-tDO0ck5x/YVR2YhRdIUcX8N34sk="
		},
		"node_modules/dotenv": {
			"version": "10.0.0",
			"resolved": "https://registry.npmjs.org/dotenv/-/dotenv-10.0.0.tgz",
			"integrity": "sha512-rlBi9d8jpv9Sf1klPjNfFAuWDjKLwTIJJ/VxtoTwIR6hnZxcEOQCZg2oIL3MWBYw5GpUDKOEnND7LXTbIpQ03Q==",
			"engines": {
				"node": ">=10"
			}
		},
		"node_modules/ee-first": {
			"version": "1.0.5",
			"resolved": "https://registry.npmjs.org/ee-first/-/ee-first-1.0.5.tgz",
			"integrity": "sha1-jJshKJjYzZ8alDZlDOe+ICyen/A="
		},
		"node_modules/ejs": {
			"version": "1.0.0",
			"resolved": "https://registry.npmjs.org/ejs/-/ejs-1.0.0.tgz",
			"integrity": "sha1-ycYKSKRu5FL7MqccMXuV5aofyz0=",
			"deprecated": "Critical security bugs fixed in 2.5.5"
		},
		"node_modules/es6-promise": {
			"version": "2.1.1",
			"resolved": "https://registry.npmjs.org/es6-promise/-/es6-promise-2.1.1.tgz",
			"integrity": "sha1-A+jzxyl5KOVHjWqx0GQyUVB73t0="
		},
		"node_modules/escape-html": {
			"version": "1.0.1",
			"resolved": "https://registry.npmjs.org/escape-html/-/escape-html-1.0.1.tgz",
			"integrity": "sha1-GBoobq05ejmpKFfPsdQwUuNWv/A="
		},
		"node_modules/express": {
			"version": "4.8.8",
			"resolved": "https://registry.npmjs.org/express/-/express-4.8.8.tgz",
			"integrity": "sha1-aro0jM36h2CAQLEsoAEBB6Cqwo4=",
			"dependencies": {
				"accepts": "~1.0.7",
				"buffer-crc32": "0.2.3",
				"cookie": "0.1.2",
				"cookie-signature": "1.0.4",
				"debug": "1.0.4",
				"depd": "0.4.4",
				"escape-html": "1.0.1",
				"finalhandler": "0.1.0",
				"fresh": "0.2.2",
				"media-typer": "0.2.0",
				"merge-descriptors": "0.0.2",
				"methods": "1.1.0",
				"parseurl": "~1.3.0",
				"path-to-regexp": "0.1.3",
				"proxy-addr": "1.0.1",
				"qs": "2.2.2",
				"range-parser": "1.0.0",
				"send": "0.8.5",
				"serve-static": "~1.5.4",
				"type-is": "~1.3.2",
				"utils-merge": "1.0.0",
				"vary": "0.1.0"
			},
			"engines": {
				"node": ">= 0.10.0"
			}
		},
		"node_modules/express-session": {
			"version": "1.7.6",
			"resolved": "https://registry.npmjs.org/express-session/-/express-session-1.7.6.tgz",
			"integrity": "sha1-4cNpuiF296/beed9ZdzYx8RuSKU=",
			"dependencies": {
				"buffer-crc32": "0.2.3",
				"cookie": "0.1.2",
				"cookie-signature": "1.0.4",
				"debug": "1.0.4",
				"depd": "0.4.4",
				"on-headers": "~1.0.0",
				"parseurl": "~1.3.0",
				"uid-safe": "1.0.1",
				"utils-merge": "1.0.0"
			},
			"engines": {
				"node": ">= 0.8.0"
			}
		},
		"node_modules/express-session/node_modules/depd": {
			"version": "0.4.4",
			"resolved": "https://registry.npmjs.org/depd/-/depd-0.4.4.tgz",
			"integrity": "sha1-BwkfrnX5eCjYm0oCotR3jw58BmI=",
			"engines": {
				"node": ">= 0.8.0"
			}
		},
		"node_modules/express/node_modules/depd": {
			"version": "0.4.4",
			"resolved": "https://registry.npmjs.org/depd/-/depd-0.4.4.tgz",
			"integrity": "sha1-BwkfrnX5eCjYm0oCotR3jw58BmI=",
			"engines": {
				"node": ">= 0.8.0"
			}
		},
		"node_modules/express/node_modules/media-typer": {
			"version": "0.2.0",
			"resolved": "https://registry.npmjs.org/media-typer/-/media-typer-0.2.0.tgz",
			"integrity": "sha1-2KBlITrf6qLnYyGitt2jb/YzWYQ=",
			"engines": {
				"node": ">= 0.8.0"
			}
		},
		"node_modules/express/node_modules/mime-types": {
			"version": "1.0.2",
			"resolved": "https://registry.npmjs.org/mime-types/-/mime-types-1.0.2.tgz",
			"integrity": "sha1-mVrhOSq4r/y/yyZB3QVOlDwNXc4=",
			"engines": {
				"node": ">= 0.8.0"
			}
		},
		"node_modules/express/node_modules/qs": {
			"version": "2.2.2",
			"resolved": "https://registry.npmjs.org/qs/-/qs-2.2.2.tgz",
			"integrity": "sha1-3+eD8YVLGsKzreknda0D4n4DIYw="
		},
		"node_modules/express/node_modules/type-is": {
			"version": "1.3.2",
			"resolved": "https://registry.npmjs.org/type-is/-/type-is-1.3.2.tgz",
			"integrity": "sha1-TypdxYd1yhYwJQr8cYb4s2MJ0bs=",
			"dependencies": {
				"media-typer": "0.2.0",
				"mime-types": "~1.0.1"
			},
			"engines": {
				"node": ">= 0.8"
			}
		},
		"node_modules/express/node_modules/vary": {
			"version": "0.1.0",
			"resolved": "https://registry.npmjs.org/vary/-/vary-0.1.0.tgz",
			"integrity": "sha1-3wlFiZ6TwMxb0YzIMh2dIedPYXY=",
			"engines": {
				"node": ">= 0.8.0"
			}
		},
		"node_modules/finalhandler": {
			"version": "0.1.0",
			"resolved": "https://registry.npmjs.org/finalhandler/-/finalhandler-0.1.0.tgz",
			"integrity": "sha1-2gW7xPX0owyEzh2R88FUAHxOnao=",
			"dependencies": {
				"debug": "1.0.4",
				"escape-html": "1.0.1"
			},
			"engines": {
				"node": ">= 0.8.0"
			}
		},
		"node_modules/fresh": {
			"version": "0.2.2",
			"resolved": "https://registry.npmjs.org/fresh/-/fresh-0.2.2.tgz",
			"integrity": "sha1-lzHc9WeMf660T7kDxPct9VGH+nc="
		},
		"node_modules/hooks-fixed": {
			"version": "1.1.0",
			"resolved": "https://registry.npmjs.org/hooks-fixed/-/hooks-fixed-1.1.0.tgz",
			"integrity": "sha1-DowVM2cI5mERhf45C0RofdUjDbs=",
			"engines": {
				"node": ">=0.4.0"
			}
		},
		"node_modules/iconv-lite": {
			"version": "0.4.4",
			"resolved": "https://registry.npmjs.org/iconv-lite/-/iconv-lite-0.4.4.tgz",
			"integrity": "sha1-6V8uQdsHNfwhZS94J6XuMuY8g6g=",
			"engines": {
				"node": ">=0.8.0"
			}
		},
		"node_modules/inherits": {
			"version": "2.0.1",
			"resolved": "https://registry.npmjs.org/inherits/-/inherits-2.0.1.tgz",
			"integrity": "sha1-sX0I0ya0Qj5Wjv9xn5GwscvfafE="
		},
		"node_modules/ipaddr.js": {
			"version": "0.1.2",
			"resolved": "https://registry.npmjs.org/ipaddr.js/-/ipaddr.js-0.1.2.tgz",
			"integrity": "sha1-ah/T2FT1ACllw017vNm0qNSwRn4=",
			"engines": {
				"node": ">= 0.2.5"
			}
		},
		"node_modules/isarray": {
			"version": "0.0.1",
			"resolved": "https://registry.npmjs.org/isarray/-/isarray-0.0.1.tgz",
			"integrity": "sha1-ihis/Kmo9Bd+Cav8YDiTmwXR7t8="
		},
		"node_modules/jquery": {
			"version": "1.9.1",
			"resolved": "https://registry.npmjs.org/jquery/-/jquery-1.9.1.tgz",
			"integrity": "sha1-5M1INfqu+63lNYV2E8D8P/KtrzQ="
		},
		"node_modules/kareem": {
			"version": "1.0.1",
			"resolved": "https://registry.npmjs.org/kareem/-/kareem-1.0.1.tgz",
			"integrity": "sha1-eAXSFbtTIU7Dr5aaHQsfF+PnuVw="
		},
		"node_modules/kerberos": {
			"version": "0.0.19",
			"resolved": "https://registry.npmjs.org/kerberos/-/kerberos-0.0.19.tgz",
			"integrity": "sha1-Sc9gv0n2C9vyPw5Us1nORSk6EwI=",
			"hasInstallScript": true,
			"optional": true,
			"dependencies": {
				"nan": "~2.0"
			}
		},
		"node_modules/media-typer": {
			"version": "0.3.0",
			"resolved": "https://registry.npmjs.org/media-typer/-/media-typer-0.3.0.tgz",
			"integrity": "sha1-hxDXrwqmJvj/+hzgAWhUUmMlV0g=",
			"engines": {
				"node": ">= 0.6"
			}
		},
		"node_modules/merge-descriptors": {
			"version": "0.0.2",
			"resolved": "https://registry.npmjs.org/merge-descriptors/-/merge-descriptors-0.0.2.tgz",
			"integrity": "sha1-w2pSp4FDdRPFcnXzndnTF1FKyMc="
		},
		"node_modules/method-override": {
			"version": "2.2.0",
			"resolved": "https://registry.npmjs.org/method-override/-/method-override-2.2.0.tgz",
			"integrity": "sha1-F36FK2rdO0+RdwM6lEawHngBoMA=",
			"dependencies": {
				"debug": "~2.0.0",
				"methods": "1.1.0",
				"parseurl": "~1.3.0",
				"vary": "~1.0.0"
			},
			"engines": {
				"node": ">= 0.8.0"
			}
		},
		"node_modules/method-override/node_modules/debug": {
			"version": "2.0.0",
			"resolved": "https://registry.npmjs.org/debug/-/debug-2.0.0.tgz",
			"integrity": "sha1-ib2d9nMrUSVrxnBTQrugLtEhMe8=",
			"dependencies": {
				"ms": "0.6.2"
			}
		},
		"node_modules/methods": {
			"version": "1.1.0",
			"resolved": "https://registry.npmjs.org/methods/-/methods-1.1.0.tgz",
			"integrity": "sha1-XcpO4S31L/OwVhRZhqjwHLyGQ28="
		},
		"node_modules/mime": {
			"version": "1.2.11",
			"resolved": "https://registry.npmjs.org/mime/-/mime-1.2.11.tgz",
			"integrity": "sha1-WCA+7Ybjpe8XrtK32evUfwpg3RA="
		},
		"node_modules/mime-db": {
			"version": "1.12.0",
			"resolved": "https://registry.npmjs.org/mime-db/-/mime-db-1.12.0.tgz",
			"integrity": "sha1-PQxjGA9FjrENMlqqN9fFiuMS6dc=",
			"engines": {
				"node": ">= 0.6"
			}
		},
		"node_modules/mime-types": {
			"version": "2.0.14",
			"resolved": "https://registry.npmjs.org/mime-types/-/mime-types-2.0.14.tgz",
			"integrity": "sha1-MQ4VnbI+B3+Lsit0jav6SVcUCqY=",
			"dependencies": {
				"mime-db": "~1.12.0"
			},
			"engines": {
				"node": ">= 0.6"
			}
		},
		"node_modules/mongodb": {
			"version": "2.0.46",
			"resolved": "https://registry.npmjs.org/mongodb/-/mongodb-2.0.46.tgz",
			"integrity": "sha1-sbhXRl5F4lmx4OAzaYNBpky5NVk=",
			"deprecated": "Please upgrade to 2.2.19 or higher",
			"dependencies": {
				"es6-promise": "2.1.1",
				"mongodb-core": "1.2.19",
				"readable-stream": "1.0.31"
			}
		},
		"node_modules/mongodb-core": {
			"version": "1.2.19",
			"resolved": "https://registry.npmjs.org/mongodb-core/-/mongodb-core-1.2.19.tgz",
			"integrity": "sha1-/LNfa2q8XD3h8aSl21JrnjBvPrc=",
			"dependencies": {
				"bson": "~0.4.19"
			},
			"optionalDependencies": {
				"kerberos": "~0.0"
			}
		},
		"node_modules/mongoose": {
			"version": "4.1.12",
			"resolved": "https://registry.npmjs.org/mongoose/-/mongoose-4.1.12.tgz",
			"integrity": "sha1-pqd/uF/AZ2CMUSgy2NC6FHmZdQc=",
			"dependencies": {
				"async": "0.9.0",
				"bson": "~0.4.18",
				"hooks-fixed": "1.1.0",
				"kareem": "1.0.1",
				"mongodb": "2.0.46",
				"mpath": "0.1.1",
				"mpromise": "0.5.4",
				"mquery": "1.6.3",
				"ms": "0.1.0",
				"muri": "1.0.0",
				"regexp-clone": "0.0.1",
				"sliced": "0.0.5"
			},
			"engines": {
				"node": ">=0.6.19"
			}
		},
		"node_modules/mongoose/node_modules/ms": {
			"version": "0.1.0",
			"resolved": "https://registry.npmjs.org/ms/-/ms-0.1.0.tgz",
			"integrity": "sha1-8h+sSQ2vHXZn/RgP6QdzicyUQrI=",
			"engines": {
				"node": "*"
			}
		},
		"node_modules/morgan": {
			"version": "1.3.2",
			"resolved": "https://registry.npmjs.org/morgan/-/morgan-1.3.2.tgz",
			"integrity": "sha1-rEGqFSIe5OXyrIQ4lraRgTmhjv0=",
			"dependencies": {
				"basic-auth": "1.0.0",
				"depd": "0.4.5",
				"on-finished": "2.1.0"
			},
			"engines": {
				"node": ">= 0.8.0"
			}
		},
		"node_modules/mpath": {
			"version": "0.1.1",
			"resolved": "https://registry.npmjs.org/mpath/-/mpath-0.1.1.tgz",
			"integrity": "sha1-I9qFK3wjLuCX9HWdKcDunNItXkY="
		},
		"node_modules/mpromise": {
			"version": "0.5.4",
			"resolved": "https://registry.npmjs.org/mpromise/-/mpromise-0.5.4.tgz",
			"integrity": "sha1-thBhPsbeN0GflEs18Hg7Ten13HU="
		},
		"node_modules/mquery": {
			"version": "1.6.3",
			"resolved": "https://registry.npmjs.org/mquery/-/mquery-1.6.3.tgz",
			"integrity": "sha1-fAK/t+ScgBLOzhVWxeZf72HzyOU=",
			"dependencies": {
				"bluebird": "2.9.26",
				"debug": "2.2.0",
				"regexp-clone": "0.0.1",
				"sliced": "0.0.5"
			}
		},
		"node_modules/mquery/node_modules/debug": {
			"version": "2.2.0",
			"resolved": "https://registry.npmjs.org/debug/-/debug-2.2.0.tgz",
			"integrity": "sha1-+HBX6ZWxofauaklgZkE3vFbwOdo=",
			"dependencies": {
				"ms": "0.7.1"
			}
		},
		"node_modules/mquery/node_modules/ms": {
			"version": "0.7.1",
			"resolved": "https://registry.npmjs.org/ms/-/ms-0.7.1.tgz",
			"integrity": "sha1-nNE8A62/8ltl7/3nzoZO6VIBcJg="
		},
		"node_modules/ms": {
			"version": "0.6.2",
			"resolved": "https://registry.npmjs.org/ms/-/ms-0.6.2.tgz",
			"integrity": "sha1-2JwhJMb9wTU9Zai3e/GqxLGTcIw="
		},
		"node_modules/muri": {
			"version": "1.0.0",
			"resolved": "https://registry.npmjs.org/muri/-/muri-1.0.0.tgz",
			"integrity": "sha1-3jv2vXHWfq5x12aJuVDS3hGGlcY="
		},
		"node_modules/mz": {
			"version": "1.3.0",
			"resolved": "https://registry.npmjs.org/mz/-/mz-1.3.0.tgz",
			"integrity": "sha1-BvCT/dmVagbTfhsegTROJ0eMQvA=",
			"dependencies": {
				"native-or-bluebird": "1",
				"thenify": "3",
				"thenify-all": "1"
			}
		},
		"node_modules/nan": {
			"version": "2.0.9",
			"resolved": "https://registry.npmjs.org/nan/-/nan-2.0.9.tgz",
			"integrity": "sha1-0Cp3D0Z3iELM65ThfKsx/8cjSgU=",
			"optional": true
		},
		"node_modules/native-or-bluebird": {
			"version": "1.2.0",
			"resolved": "https://registry.npmjs.org/native-or-bluebird/-/native-or-bluebird-1.2.0.tgz",
			"integrity": "sha1-OcR7/Xgl0fuf+tMiEK4l2q3xAck=",
			"deprecated": "'native-or-bluebird' is deprecated. Please use 'any-promise' instead."
		},
		"node_modules/negotiator": {
			"version": "0.4.7",
			"resolved": "https://registry.npmjs.org/negotiator/-/negotiator-0.4.7.tgz",
			"integrity": "sha1-pBYPcXfsgGc4Yx0NMFIyXaQqvcg=",
			"engines": {
				"node": "*"
			}
		},
		"node_modules/oauth": {
			"version": "0.9.14",
			"resolved": "https://registry.npmjs.org/oauth/-/oauth-0.9.14.tgz",
			"integrity": "sha1-xXSIg6QLU94wrenKvyEAQUuKCXE="
		},
		"node_modules/on-finished": {
			"version": "2.1.0",
			"resolved": "https://registry.npmjs.org/on-finished/-/on-finished-2.1.0.tgz",
			"integrity": "sha1-DFOfCSkej/rd4MiiWFD7LO3HAi0=",
			"dependencies": {
				"ee-first": "1.0.5"
			}
		},
		"node_modules/on-headers": {
			"version": "1.0.1",
			"resolved": "https://registry.npmjs.org/on-headers/-/on-headers-1.0.1.tgz",
			"integrity": "sha1-ko9dD0cNSTQmUepnlLCFfBAGk/c=",
			"engines": {
				"node": ">= 0.8"
			}
		},
		"node_modules/parseurl": {
			"version": "1.3.1",
			"resolved": "https://registry.npmjs.org/parseurl/-/parseurl-1.3.1.tgz",
			"integrity": "sha1-yKuMkiO6NIiKpkopeyiFO+wY2lY=",
			"engines": {
				"node": ">= 0.8"
			}
		},
		"node_modules/passport": {
			"version": "0.3.2",
			"resolved": "https://registry.npmjs.org/passport/-/passport-0.3.2.tgz",
			"integrity": "sha1-ndAJ+RXo/glbASSgG4+C2gdRAQI=",
			"dependencies": {
				"passport-strategy": "1.x.x",
				"pause": "0.0.1"
			},
			"engines": {
				"node": ">= 0.4.0"
			}
		},
		"node_modules/passport-google-oauth": {
			"version": "0.1.5",
			"resolved": "https://registry.npmjs.org/passport-google-oauth/-/passport-google-oauth-0.1.5.tgz",
			"integrity": "sha1-/WtIz5sgKDchx2NukdCUwWqGcdc=",
			"dependencies": {
				"passport-oauth": "~0.1.4",
				"pkginfo": "0.2.x"
			},
			"engines": {
				"node": ">= 0.4.0"
			}
		},
		"node_modules/passport-local": {
			"version": "1.0.0",
			"resolved": "https://registry.npmjs.org/passport-local/-/passport-local-1.0.0.tgz",
			"integrity": "sha1-H+YyaMkudWBmJkN+O5BmYsFbpu4=",
			"dependencies": {
				"passport-strategy": "1.x.x"
			},
			"engines": {
				"node": ">= 0.4.0"
			}
		},
		"node_modules/passport-oauth": {
			"version": "0.1.15",
			"resolved": "https://registry.npmjs.org/passport-oauth/-/passport-oauth-0.1.15.tgz",
			"integrity": "sha1-+3Tgr+hGFL+iVsX8cWzFa7/IzsA=",
			"dependencies": {
				"oauth": "0.9.x",
				"passport": "~0.1.1",
				"pkginfo": "0.2.x"
			},
			"engines": {
				"node": ">= 0.4.0"
			}
		},
		"node_modules/passport-oauth/node_modules/passport": {
			"version": "0.1.18",
			"resolved": "https://registry.npmjs.org/passport/-/passport-0.1.18.tgz",
			"integrity": "sha1-yCZEedy2QUytu2Z1LRKzfgtlJaE=",
			"dependencies": {
				"pause": "0.0.1",
				"pkginfo": "0.2.x"
			},
			"engines": {
				"node": ">= 0.4.0"
			}
		},
		"node_modules/passport-strategy": {
			"version": "1.0.0",
			"resolved": "https://registry.npmjs.org/passport-strategy/-/passport-strategy-1.0.0.tgz",
			"integrity": "sha1-tVOaqPwiWj0a0XlHbd8ja0QPUuQ=",
			"engines": {
				"node": ">= 0.4.0"
			}
		},
		"node_modules/path-to-regexp": {
			"version": "0.1.3",
			"resolved": "https://registry.npmjs.org/path-to-regexp/-/path-to-regexp-0.1.3.tgz",
			"integrity": "sha1-IbmrgidCed4lsVbqCP0SylG4rss="
		},
		"node_modules/pause": {
			"version": "0.0.1",
			"resolved": "https://registry.npmjs.org/pause/-/pause-0.0.1.tgz",
			"integrity": "sha1-HUCLP9t2kjuVQ9lvtMnf1TXZy10="
		},
		"node_modules/pkginfo": {
			"version": "0.2.3",
			"resolved": "https://registry.npmjs.org/pkginfo/-/pkginfo-0.2.3.tgz",
			"integrity": "sha1-cjnEKl72wwuPMoQ52bn/cQQkkPg=",
			"engines": {
				"node": ">= 0.4.0"
			}
		},
		"node_modules/proxy-addr": {
			"version": "1.0.1",
			"resolved": "https://registry.npmjs.org/proxy-addr/-/proxy-addr-1.0.1.tgz",
			"integrity": "sha1-x8Vm1etOP61n7rnHfFVYzMObiKg=",
			"dependencies": {
				"ipaddr.js": "0.1.2"
			},
			"engines": {
				"node": ">= 0.8.0"
			}
		},
		"node_modules/qs": {
			"version": "2.2.4",
			"resolved": "https://registry.npmjs.org/qs/-/qs-2.2.4.tgz",
			"integrity": "sha1-Lp+800tUDjQhySTs0B6QqpdTGcg="
		},
		"node_modules/range-parser": {
			"version": "1.0.0",
			"resolved": "https://registry.npmjs.org/range-parser/-/range-parser-1.0.0.tgz",
			"integrity": "sha1-pLJkz+C+XONqvjdlrJwqJIdG28A="
		},
		"node_modules/raw-body": {
			"version": "1.3.0",
			"resolved": "https://registry.npmjs.org/raw-body/-/raw-body-1.3.0.tgz",
			"integrity": "sha1-l4IwoValVI9C7vFN4i0PT2EAg9E=",
			"dependencies": {
				"bytes": "1",
				"iconv-lite": "0.4.4"
			},
			"engines": {
				"node": ">= 0.8.0"
			}
		},
		"node_modules/readable-stream": {
			"version": "1.0.31",
			"resolved": "https://registry.npmjs.org/readable-stream/-/readable-stream-1.0.31.tgz",
			"integrity": "sha1-jyUC4LyeOw2huUUgqrtOJgPsr64=",
			"dependencies": {
				"core-util-is": "~1.0.0",
				"inherits": "~2.0.1",
				"isarray": "0.0.1",
				"string_decoder": "~0.10.x"
			}
		},
		"node_modules/regexp-clone": {
			"version": "0.0.1",
			"resolved": "https://registry.npmjs.org/regexp-clone/-/regexp-clone-0.0.1.tgz",
			"integrity": "sha1-p8LgmJH9vzj7sQ03b7cwA+aKxYk="
		},
		"node_modules/requirejs": {
			"version": "2.3.6",
			"resolved": "https://registry.npmjs.org/requirejs/-/requirejs-2.3.6.tgz",
			"integrity": "sha512-ipEzlWQe6RK3jkzikgCupiTbTvm4S0/CAU5GlgptkN5SO6F3u0UD0K18wy6ErDqiCyP4J4YYe1HuAShvsxePLg==",
			"bin": {
				"r_js": "bin/r.js",
				"r.js": "bin/r.js"
			},
			"engines": {
				"node": ">=0.4.0"
			}
		},
		"node_modules/send": {
			"version": "0.8.5",
			"resolved": "https://registry.npmjs.org/send/-/send-0.8.5.tgz",
			"integrity": "sha1-N/cIIW5vUMF150xp/sU0hOL9gsc=",
			"dependencies": {
				"debug": "1.0.4",
				"depd": "0.4.4",
				"destroy": "1.0.3",
				"escape-html": "1.0.1",
				"fresh": "0.2.2",
				"mime": "1.2.11",
				"ms": "0.6.2",
				"on-finished": "2.1.0",
				"range-parser": "~1.0.0"
			},
			"engines": {
				"node": ">= 0.8.0"
			}
		},
		"node_modules/send/node_modules/depd": {
			"version": "0.4.4",
			"resolved": "https://registry.npmjs.org/depd/-/depd-0.4.4.tgz",
			"integrity": "sha1-BwkfrnX5eCjYm0oCotR3jw58BmI=",
			"engines": {
				"node": ">= 0.8.0"
			}
		},
		"node_modules/serve-static": {
			"version": "1.5.4",
			"resolved": "https://registry.npmjs.org/serve-static/-/serve-static-1.5.4.tgz",
			"integrity": "sha1-gZ+zeuRr0C3VILd/z3/Y9REvl4I=",
			"dependencies": {
				"escape-html": "1.0.1",
				"parseurl": "~1.3.0",
				"send": "0.8.5",
				"utils-merge": "1.0.0"
			},
			"engines": {
				"node": ">= 0.8.0"
			}
		},
		"node_modules/sliced": {
			"version": "0.0.5",
			"resolved": "https://registry.npmjs.org/sliced/-/sliced-0.0.5.tgz",
			"integrity": "sha1-XtwETKTrb3gW1Qui/GPiXY/kcH8="
		},
		"node_modules/string_decoder": {
			"version": "0.10.31",
			"resolved": "https://registry.npmjs.org/string_decoder/-/string_decoder-0.10.31.tgz",
			"integrity": "sha1-YuIDvEF2bGwoyfyEMB2rHFMQ+pQ="
		},
		"node_modules/thenify": {
			"version": "3.2.0",
			"resolved": "https://registry.npmjs.org/thenify/-/thenify-3.2.0.tgz",
			"integrity": "sha1-QLkCsbxEFtwI2G8Q//81hvDscbk=",
			"dependencies": {
				"any-promise": "^1.0.0"
			}
		},
		"node_modules/thenify-all": {
			"version": "1.6.0",
			"resolved": "https://registry.npmjs.org/thenify-all/-/thenify-all-1.6.0.tgz",
			"integrity": "sha1-GhkY1ALY/D+Y+/I02wvMjMEOlyY=",
			"dependencies": {
				"thenify": ">= 3.1.0 < 4"
			},
			"engines": {
				"node": ">=0.8"
			}
		},
		"node_modules/type-is": {
			"version": "1.5.7",
			"resolved": "https://registry.npmjs.org/type-is/-/type-is-1.5.7.tgz",
			"integrity": "sha1-uTaKWTzG730GReeLL0xky+zQXpA=",
			"dependencies": {
				"media-typer": "0.3.0",
				"mime-types": "~2.0.9"
			},
			"engines": {
				"node": ">= 0.6"
			}
		},
		"node_modules/uid-safe": {
			"version": "1.0.1",
			"resolved": "https://registry.npmjs.org/uid-safe/-/uid-safe-1.0.1.tgz",
			"integrity": "sha1-W9FIRgouhPVPGT/SA1LIw9feasg=",
			"dependencies": {
				"base64-url": "1",
				"mz": "1"
			}
		},
		"node_modules/utils-merge": {
			"version": "1.0.0",
			"resolved": "https://registry.npmjs.org/utils-merge/-/utils-merge-1.0.0.tgz",
			"integrity": "sha1-ApT7kiu5N1FTVBxPcJYjHyh8ivg=",
			"engines": {
				"node": ">= 0.4.0"
			}
		},
		"node_modules/vary": {
			"version": "1.0.1",
			"resolved": "https://registry.npmjs.org/vary/-/vary-1.0.1.tgz",
			"integrity": "sha1-meSYFWaihhGN+yuBc1ffeZM3bRA=",
			"engines": {
				"node": ">= 0.8"
			}
		}
	},
	"dependencies": {
		"accepts": {
			"version": "1.0.7",
			"resolved": "https://registry.npmjs.org/accepts/-/accepts-1.0.7.tgz",
			"integrity": "sha1-W1AftPBwQwmWTM2wSBclQSCNqxo=",
			"requires": {
				"mime-types": "~1.0.0",
				"negotiator": "0.4.7"
			},
			"dependencies": {
				"mime-types": {
					"version": "1.0.2",
					"resolved": "https://registry.npmjs.org/mime-types/-/mime-types-1.0.2.tgz",
					"integrity": "sha1-mVrhOSq4r/y/yyZB3QVOlDwNXc4="
				}
			}
		},
		"any-promise": {
			"version": "1.1.0",
			"resolved": "https://registry.npmjs.org/any-promise/-/any-promise-1.1.0.tgz",
			"integrity": "sha1-AOKk94siRU/23+xDbt8vk6jFn6g="
		},
		"async": {
			"version": "0.9.0",
			"resolved": "https://registry.npmjs.org/async/-/async-0.9.0.tgz",
			"integrity": "sha1-rDYTsdqb7RtHUQu0ZRuJMeRxRsc="
		},
		"base64-url": {
			"version": "1.2.1",
			"resolved": "https://registry.npmjs.org/base64-url/-/base64-url-1.2.1.tgz",
			"integrity": "sha1-GZ/WYXAqDnt9yubgaYuwicUvbXg="
		},
		"basic-auth": {
			"version": "1.0.0",
			"resolved": "https://registry.npmjs.org/basic-auth/-/basic-auth-1.0.0.tgz",
			"integrity": "sha1-ERstn/jk5tE2uMhOpeCWy4c1Fjc="
		},
		"bluebird": {
			"version": "2.9.26",
			"resolved": "https://registry.npmjs.org/bluebird/-/bluebird-2.9.26.tgz",
			"integrity": "sha1-Nidy6k0J9VakufO2TC/RNuh+OlU="
		},
		"body-parser": {
			"version": "1.8.4",
			"resolved": "https://registry.npmjs.org/body-parser/-/body-parser-1.8.4.tgz",
			"integrity": "sha1-1JfgS8E7P5qL2McLsM3Bby4CiJg=",
			"requires": {
				"bytes": "1.0.0",
				"depd": "0.4.5",
				"iconv-lite": "0.4.4",
				"media-typer": "0.3.0",
				"on-finished": "2.1.0",
				"qs": "2.2.4",
				"raw-body": "1.3.0",
				"type-is": "~1.5.1"
			}
		},
		"bower": {
			"version": "1.8.12",
			"resolved": "https://registry.npmjs.org/bower/-/bower-1.8.12.tgz",
			"integrity": "sha512-u1xy9SrwwoPlgjuHNjhV+YUPVdqyBj2ALBxuzeIUKXaPI2i2xypGgxqXkuHcITGdi5yBj5JuXgyMvgiWiS1S3Q=="
		},
		"bson": {
			"version": "0.4.22",
			"resolved": "https://registry.npmjs.org/bson/-/bson-0.4.22.tgz",
			"integrity": "sha1-Pe5UgHKGNjvfkhwi3lTo2SCgUtE="
		},
		"buffer-crc32": {
			"version": "0.2.3",
			"resolved": "https://registry.npmjs.org/buffer-crc32/-/buffer-crc32-0.2.3.tgz",
			"integrity": "sha1-u1RRnpXRB8vSQA520MqxRnM22SE="
		},
		"bytes": {
			"version": "1.0.0",
			"resolved": "https://registry.npmjs.org/bytes/-/bytes-1.0.0.tgz",
			"integrity": "sha1-NWnt6Lo0MV+rmcPpLLBMciDeH6g="
		},
		"compressible": {
			"version": "1.1.1",
			"resolved": "https://registry.npmjs.org/compressible/-/compressible-1.1.1.tgz",
			"integrity": "sha1-I7ceqQ6mxqZiiXAakYGCwk0HKe8="
		},
		"compression": {
			"version": "1.0.11",
			"resolved": "https://registry.npmjs.org/compression/-/compression-1.0.11.tgz",
			"integrity": "sha1-aXAM8e6JY0VDVqwZKm5ekeIyv/s=",
			"requires": {
				"accepts": "~1.0.7",
				"bytes": "1.0.0",
				"compressible": "~1.1.1",
				"debug": "1.0.4",
				"on-headers": "~1.0.0",
				"vary": "~1.0.0"
			}
		},
		"connect-flash": {
			"version": "0.1.1",
			"resolved": "https://registry.npmjs.org/connect-flash/-/connect-flash-0.1.1.tgz",
			"integrity": "sha1-2GMPJtlaf4UfmVax6MxnMvO2qjA="
		},
		"cookie": {
			"version": "0.1.2",
			"resolved": "https://registry.npmjs.org/cookie/-/cookie-0.1.2.tgz",
			"integrity": "sha1-cv7D0k5Io0Mgc9kMEmQgBQYQBLE="
		},
		"cookie-signature": {
			"version": "1.0.4",
			"resolved": "https://registry.npmjs.org/cookie-signature/-/cookie-signature-1.0.4.tgz",
			"integrity": "sha1-Dt0iKG46ERuaKnDbNj6SXoZ/aso="
		},
		"core-util-is": {
			"version": "1.0.2",
			"resolved": "https://registry.npmjs.org/core-util-is/-/core-util-is-1.0.2.tgz",
			"integrity": "sha1-tf1UIgqivFq1eqtxQMlAdUUDwac="
		},
		"debug": {
			"version": "1.0.4",
			"resolved": "https://registry.npmjs.org/debug/-/debug-1.0.4.tgz",
			"integrity": "sha1-W5wla9VLbsAigxdvqKDt5tFUy/g=",
			"requires": {
				"ms": "0.6.2"
			}
		},
		"depd": {
			"version": "0.4.5",
			"resolved": "https://registry.npmjs.org/depd/-/depd-0.4.5.tgz",
			"integrity": "sha1-GmZLUziLSmVz6K5ntfdnxpPKl/E="
		},
		"destroy": {
			"version": "1.0.3",
			"resolved": "https://registry.npmjs.org/destroy/-/destroy-1.0.3.tgz",
			"integrity": "sha1-tDO0ck5x/YVR2YhRdIUcX8N34sk="
		},
		"dotenv": {
			"version": "10.0.0",
			"resolved": "https://registry.npmjs.org/dotenv/-/dotenv-10.0.0.tgz",
			"integrity": "sha512-rlBi9d8jpv9Sf1klPjNfFAuWDjKLwTIJJ/VxtoTwIR6hnZxcEOQCZg2oIL3MWBYw5GpUDKOEnND7LXTbIpQ03Q=="
		},
		"ee-first": {
			"version": "1.0.5",
			"resolved": "https://registry.npmjs.org/ee-first/-/ee-first-1.0.5.tgz",
			"integrity": "sha1-jJshKJjYzZ8alDZlDOe+ICyen/A="
		},
		"ejs": {
			"version": "1.0.0",
			"resolved": "https://registry.npmjs.org/ejs/-/ejs-1.0.0.tgz",
			"integrity": "sha1-ycYKSKRu5FL7MqccMXuV5aofyz0="
		},
		"es6-promise": {
			"version": "2.1.1",
			"resolved": "https://registry.npmjs.org/es6-promise/-/es6-promise-2.1.1.tgz",
			"integrity": "sha1-A+jzxyl5KOVHjWqx0GQyUVB73t0="
		},
		"escape-html": {
			"version": "1.0.1",
			"resolved": "https://registry.npmjs.org/escape-html/-/escape-html-1.0.1.tgz",
			"integrity": "sha1-GBoobq05ejmpKFfPsdQwUuNWv/A="
		},
		"express": {
			"version": "4.8.8",
			"resolved": "https://registry.npmjs.org/express/-/express-4.8.8.tgz",
			"integrity": "sha1-aro0jM36h2CAQLEsoAEBB6Cqwo4=",
			"requires": {
				"accepts": "~1.0.7",
				"buffer-crc32": "0.2.3",
				"cookie": "0.1.2",
				"cookie-signature": "1.0.4",
				"debug": "1.0.4",
				"depd": "0.4.4",
				"escape-html": "1.0.1",
				"finalhandler": "0.1.0",
				"fresh": "0.2.2",
				"media-typer": "0.2.0",
				"merge-descriptors": "0.0.2",
				"methods": "1.1.0",
				"parseurl": "~1.3.0",
				"path-to-regexp": "0.1.3",
				"proxy-addr": "1.0.1",
				"qs": "2.2.2",
				"range-parser": "1.0.0",
				"send": "0.8.5",
				"serve-static": "~1.5.4",
				"type-is": "~1.3.2",
				"utils-merge": "1.0.0",
				"vary": "0.1.0"
			},
			"dependencies": {
				"depd": {
					"version": "0.4.4",
					"resolved": "https://registry.npmjs.org/depd/-/depd-0.4.4.tgz",
					"integrity": "sha1-BwkfrnX5eCjYm0oCotR3jw58BmI="
				},
				"media-typer": {
					"version": "0.2.0",
					"resolved": "https://registry.npmjs.org/media-typer/-/media-typer-0.2.0.tgz",
					"integrity": "sha1-2KBlITrf6qLnYyGitt2jb/YzWYQ="
				},
				"mime-types": {
					"version": "1.0.2",
					"resolved": "https://registry.npmjs.org/mime-types/-/mime-types-1.0.2.tgz",
					"integrity": "sha1-mVrhOSq4r/y/yyZB3QVOlDwNXc4="
				},
				"qs": {
					"version": "2.2.2",
					"resolved": "https://registry.npmjs.org/qs/-/qs-2.2.2.tgz",
					"integrity": "sha1-3+eD8YVLGsKzreknda0D4n4DIYw="
				},
				"type-is": {
					"version": "1.3.2",
					"resolved": "https://registry.npmjs.org/type-is/-/type-is-1.3.2.tgz",
					"integrity": "sha1-TypdxYd1yhYwJQr8cYb4s2MJ0bs=",
					"requires": {
						"media-typer": "0.2.0",
						"mime-types": "~1.0.1"
					}
				},
				"vary": {
					"version": "0.1.0",
					"resolved": "https://registry.npmjs.org/vary/-/vary-0.1.0.tgz",
					"integrity": "sha1-3wlFiZ6TwMxb0YzIMh2dIedPYXY="
				}
			}
		},
		"express-session": {
			"version": "1.7.6",
			"resolved": "https://registry.npmjs.org/express-session/-/express-session-1.7.6.tgz",
			"integrity": "sha1-4cNpuiF296/beed9ZdzYx8RuSKU=",
			"requires": {
				"buffer-crc32": "0.2.3",
				"cookie": "0.1.2",
				"cookie-signature": "1.0.4",
				"debug": "1.0.4",
				"depd": "0.4.4",
				"on-headers": "~1.0.0",
				"parseurl": "~1.3.0",
				"uid-safe": "1.0.1",
				"utils-merge": "1.0.0"
			},
			"dependencies": {
				"depd": {
					"version": "0.4.4",
					"resolved": "https://registry.npmjs.org/depd/-/depd-0.4.4.tgz",
					"integrity": "sha1-BwkfrnX5eCjYm0oCotR3jw58BmI="
				}
			}
		},
		"finalhandler": {
			"version": "0.1.0",
			"resolved": "https://registry.npmjs.org/finalhandler/-/finalhandler-0.1.0.tgz",
			"integrity": "sha1-2gW7xPX0owyEzh2R88FUAHxOnao=",
			"requires": {
				"debug": "1.0.4",
				"escape-html": "1.0.1"
			}
		},
		"fresh": {
			"version": "0.2.2",
			"resolved": "https://registry.npmjs.org/fresh/-/fresh-0.2.2.tgz",
			"integrity": "sha1-lzHc9WeMf660T7kDxPct9VGH+nc="
		},
		"hooks-fixed": {
			"version": "1.1.0",
			"resolved": "https://registry.npmjs.org/hooks-fixed/-/hooks-fixed-1.1.0.tgz",
			"integrity": "sha1-DowVM2cI5mERhf45C0RofdUjDbs="
		},
		"iconv-lite": {
			"version": "0.4.4",
			"resolved": "https://registry.npmjs.org/iconv-lite/-/iconv-lite-0.4.4.tgz",
			"integrity": "sha1-6V8uQdsHNfwhZS94J6XuMuY8g6g="
		},
		"inherits": {
			"version": "2.0.1",
			"resolved": "https://registry.npmjs.org/inherits/-/inherits-2.0.1.tgz",
			"integrity": "sha1-sX0I0ya0Qj5Wjv9xn5GwscvfafE="
		},
		"ipaddr.js": {
			"version": "0.1.2",
			"resolved": "https://registry.npmjs.org/ipaddr.js/-/ipaddr.js-0.1.2.tgz",
			"integrity": "sha1-ah/T2FT1ACllw017vNm0qNSwRn4="
		},
		"isarray": {
			"version": "0.0.1",
			"resolved": "https://registry.npmjs.org/isarray/-/isarray-0.0.1.tgz",
			"integrity": "sha1-ihis/Kmo9Bd+Cav8YDiTmwXR7t8="
		},
		"jquery": {
			"version": "1.9.1",
			"resolved": "https://registry.npmjs.org/jquery/-/jquery-1.9.1.tgz",
			"integrity": "sha1-5M1INfqu+63lNYV2E8D8P/KtrzQ="
		},
		"kareem": {
			"version": "1.0.1",
			"resolved": "https://registry.npmjs.org/kareem/-/kareem-1.0.1.tgz",
			"integrity": "sha1-eAXSFbtTIU7Dr5aaHQsfF+PnuVw="
		},
		"kerberos": {
			"version": "0.0.19",
			"resolved": "https://registry.npmjs.org/kerberos/-/kerberos-0.0.19.tgz",
			"integrity": "sha1-Sc9gv0n2C9vyPw5Us1nORSk6EwI=",
			"optional": true,
			"requires": {
				"nan": "~2.0"
			}
		},
		"media-typer": {
			"version": "0.3.0",
			"resolved": "https://registry.npmjs.org/media-typer/-/media-typer-0.3.0.tgz",
			"integrity": "sha1-hxDXrwqmJvj/+hzgAWhUUmMlV0g="
		},
		"merge-descriptors": {
			"version": "0.0.2",
			"resolved": "https://registry.npmjs.org/merge-descriptors/-/merge-descriptors-0.0.2.tgz",
			"integrity": "sha1-w2pSp4FDdRPFcnXzndnTF1FKyMc="
		},
		"method-override": {
			"version": "2.2.0",
			"resolved": "https://registry.npmjs.org/method-override/-/method-override-2.2.0.tgz",
			"integrity": "sha1-F36FK2rdO0+RdwM6lEawHngBoMA=",
			"requires": {
				"debug": "~2.0.0",
				"methods": "1.1.0",
				"parseurl": "~1.3.0",
				"vary": "~1.0.0"
			},
			"dependencies": {
				"debug": {
					"version": "2.0.0",
					"resolved": "https://registry.npmjs.org/debug/-/debug-2.0.0.tgz",
					"integrity": "sha1-ib2d9nMrUSVrxnBTQrugLtEhMe8=",
					"requires": {
						"ms": "0.6.2"
					}
				}
			}
		},
		"methods": {
			"version": "1.1.0",
			"resolved": "https://registry.npmjs.org/methods/-/methods-1.1.0.tgz",
			"integrity": "sha1-XcpO4S31L/OwVhRZhqjwHLyGQ28="
		},
		"mime": {
			"version": "1.2.11",
			"resolved": "https://registry.npmjs.org/mime/-/mime-1.2.11.tgz",
			"integrity": "sha1-WCA+7Ybjpe8XrtK32evUfwpg3RA="
		},
		"mime-db": {
			"version": "1.12.0",
			"resolved": "https://registry.npmjs.org/mime-db/-/mime-db-1.12.0.tgz",
			"integrity": "sha1-PQxjGA9FjrENMlqqN9fFiuMS6dc="
		},
		"mime-types": {
			"version": "2.0.14",
			"resolved": "https://registry.npmjs.org/mime-types/-/mime-types-2.0.14.tgz",
			"integrity": "sha1-MQ4VnbI+B3+Lsit0jav6SVcUCqY=",
			"requires": {
				"mime-db": "~1.12.0"
			}
		},
		"mongodb": {
			"version": "2.0.46",
			"resolved": "https://registry.npmjs.org/mongodb/-/mongodb-2.0.46.tgz",
			"integrity": "sha1-sbhXRl5F4lmx4OAzaYNBpky5NVk=",
			"requires": {
				"es6-promise": "2.1.1",
				"mongodb-core": "1.2.19",
				"readable-stream": "1.0.31"
			}
		},
		"mongodb-core": {
			"version": "1.2.19",
			"resolved": "https://registry.npmjs.org/mongodb-core/-/mongodb-core-1.2.19.tgz",
			"integrity": "sha1-/LNfa2q8XD3h8aSl21JrnjBvPrc=",
			"requires": {
				"bson": "~0.4.19",
				"kerberos": "~0.0"
			}
		},
		"mongoose": {
			"version": "4.1.12",
			"resolved": "https://registry.npmjs.org/mongoose/-/mongoose-4.1.12.tgz",
			"integrity": "sha1-pqd/uF/AZ2CMUSgy2NC6FHmZdQc=",
			"requires": {
				"async": "0.9.0",
				"bson": "~0.4.18",
				"hooks-fixed": "1.1.0",
				"kareem": "1.0.1",
				"mongodb": "2.0.46",
				"mpath": "0.1.1",
				"mpromise": "0.5.4",
				"mquery": "1.6.3",
				"ms": "0.1.0",
				"muri": "1.0.0",
				"regexp-clone": "0.0.1",
				"sliced": "0.0.5"
			},
			"dependencies": {
				"ms": {
					"version": "0.1.0",
					"resolved": "https://registry.npmjs.org/ms/-/ms-0.1.0.tgz",
					"integrity": "sha1-8h+sSQ2vHXZn/RgP6QdzicyUQrI="
				}
			}
		},
		"morgan": {
			"version": "1.3.2",
			"resolved": "https://registry.npmjs.org/morgan/-/morgan-1.3.2.tgz",
			"integrity": "sha1-rEGqFSIe5OXyrIQ4lraRgTmhjv0=",
			"requires": {
				"basic-auth": "1.0.0",
				"depd": "0.4.5",
				"on-finished": "2.1.0"
			}
		},
		"mpath": {
			"version": "0.1.1",
			"resolved": "https://registry.npmjs.org/mpath/-/mpath-0.1.1.tgz",
			"integrity": "sha1-I9qFK3wjLuCX9HWdKcDunNItXkY="
		},
		"mpromise": {
			"version": "0.5.4",
			"resolved": "https://registry.npmjs.org/mpromise/-/mpromise-0.5.4.tgz",
			"integrity": "sha1-thBhPsbeN0GflEs18Hg7Ten13HU="
		},
		"mquery": {
			"version": "1.6.3",
			"resolved": "https://registry.npmjs.org/mquery/-/mquery-1.6.3.tgz",
			"integrity": "sha1-fAK/t+ScgBLOzhVWxeZf72HzyOU=",
			"requires": {
				"bluebird": "2.9.26",
				"debug": "2.2.0",
				"regexp-clone": "0.0.1",
				"sliced": "0.0.5"
			},
			"dependencies": {
				"debug": {
					"version": "2.2.0",
					"resolved": "https://registry.npmjs.org/debug/-/debug-2.2.0.tgz",
					"integrity": "sha1-+HBX6ZWxofauaklgZkE3vFbwOdo=",
					"requires": {
						"ms": "0.7.1"
					}
				},
				"ms": {
					"version": "0.7.1",
					"resolved": "https://registry.npmjs.org/ms/-/ms-0.7.1.tgz",
					"integrity": "sha1-nNE8A62/8ltl7/3nzoZO6VIBcJg="
				}
			}
		},
		"ms": {
			"version": "0.6.2",
			"resolved": "https://registry.npmjs.org/ms/-/ms-0.6.2.tgz",
			"integrity": "sha1-2JwhJMb9wTU9Zai3e/GqxLGTcIw="
		},
		"muri": {
			"version": "1.0.0",
			"resolved": "https://registry.npmjs.org/muri/-/muri-1.0.0.tgz",
			"integrity": "sha1-3jv2vXHWfq5x12aJuVDS3hGGlcY="
		},
		"mz": {
			"version": "1.3.0",
			"resolved": "https://registry.npmjs.org/mz/-/mz-1.3.0.tgz",
			"integrity": "sha1-BvCT/dmVagbTfhsegTROJ0eMQvA=",
			"requires": {
				"native-or-bluebird": "1",
				"thenify": "3",
				"thenify-all": "1"
			}
		},
		"nan": {
			"version": "2.0.9",
			"resolved": "https://registry.npmjs.org/nan/-/nan-2.0.9.tgz",
			"integrity": "sha1-0Cp3D0Z3iELM65ThfKsx/8cjSgU=",
			"optional": true
		},
		"native-or-bluebird": {
			"version": "1.2.0",
			"resolved": "https://registry.npmjs.org/native-or-bluebird/-/native-or-bluebird-1.2.0.tgz",
			"integrity": "sha1-OcR7/Xgl0fuf+tMiEK4l2q3xAck="
		},
		"negotiator": {
			"version": "0.4.7",
			"resolved": "https://registry.npmjs.org/negotiator/-/negotiator-0.4.7.tgz",
			"integrity": "sha1-pBYPcXfsgGc4Yx0NMFIyXaQqvcg="
		},
		"oauth": {
			"version": "0.9.14",
			"resolved": "https://registry.npmjs.org/oauth/-/oauth-0.9.14.tgz",
			"integrity": "sha1-xXSIg6QLU94wrenKvyEAQUuKCXE="
		},
		"on-finished": {
			"version": "2.1.0",
			"resolved": "https://registry.npmjs.org/on-finished/-/on-finished-2.1.0.tgz",
			"integrity": "sha1-DFOfCSkej/rd4MiiWFD7LO3HAi0=",
			"requires": {
				"ee-first": "1.0.5"
			}
		},
		"on-headers": {
			"version": "1.0.1",
			"resolved": "https://registry.npmjs.org/on-headers/-/on-headers-1.0.1.tgz",
			"integrity": "sha1-ko9dD0cNSTQmUepnlLCFfBAGk/c="
		},
		"parseurl": {
			"version": "1.3.1",
			"resolved": "https://registry.npmjs.org/parseurl/-/parseurl-1.3.1.tgz",
			"integrity": "sha1-yKuMkiO6NIiKpkopeyiFO+wY2lY="
		},
		"passport": {
			"version": "0.3.2",
			"resolved": "https://registry.npmjs.org/passport/-/passport-0.3.2.tgz",
			"integrity": "sha1-ndAJ+RXo/glbASSgG4+C2gdRAQI=",
			"requires": {
				"passport-strategy": "1.x.x",
				"pause": "0.0.1"
			}
		},
		"passport-google-oauth": {
			"version": "0.1.5",
			"resolved": "https://registry.npmjs.org/passport-google-oauth/-/passport-google-oauth-0.1.5.tgz",
			"integrity": "sha1-/WtIz5sgKDchx2NukdCUwWqGcdc=",
			"requires": {
				"passport-oauth": "~0.1.4",
				"pkginfo": "0.2.x"
			}
		},
		"passport-local": {
			"version": "1.0.0",
			"resolved": "https://registry.npmjs.org/passport-local/-/passport-local-1.0.0.tgz",
			"integrity": "sha1-H+YyaMkudWBmJkN+O5BmYsFbpu4=",
			"requires": {
				"passport-strategy": "1.x.x"
			}
		},
		"passport-oauth": {
			"version": "0.1.15",
			"resolved": "https://registry.npmjs.org/passport-oauth/-/passport-oauth-0.1.15.tgz",
			"integrity": "sha1-+3Tgr+hGFL+iVsX8cWzFa7/IzsA=",
			"requires": {
				"oauth": "0.9.x",
				"passport": "~0.1.1",
				"pkginfo": "0.2.x"
			},
			"dependencies": {
				"passport": {
					"version": "0.1.18",
					"resolved": "https://registry.npmjs.org/passport/-/passport-0.1.18.tgz",
					"integrity": "sha1-yCZEedy2QUytu2Z1LRKzfgtlJaE=",
					"requires": {
						"pause": "0.0.1",
						"pkginfo": "0.2.x"
					}
				}
			}
		},
		"passport-strategy": {
			"version": "1.0.0",
			"resolved": "https://registry.npmjs.org/passport-strategy/-/passport-strategy-1.0.0.tgz",
			"integrity": "sha1-tVOaqPwiWj0a0XlHbd8ja0QPUuQ="
		},
		"path-to-regexp": {
			"version": "0.1.3",
			"resolved": "https://registry.npmjs.org/path-to-regexp/-/path-to-regexp-0.1.3.tgz",
			"integrity": "sha1-IbmrgidCed4lsVbqCP0SylG4rss="
		},
		"pause": {
			"version": "0.0.1",
			"resolved": "https://registry.npmjs.org/pause/-/pause-0.0.1.tgz",
			"integrity": "sha1-HUCLP9t2kjuVQ9lvtMnf1TXZy10="
		},
		"pkginfo": {
			"version": "0.2.3",
			"resolved": "https://registry.npmjs.org/pkginfo/-/pkginfo-0.2.3.tgz",
			"integrity": "sha1-cjnEKl72wwuPMoQ52bn/cQQkkPg="
		},
		"proxy-addr": {
			"version": "1.0.1",
			"resolved": "https://registry.npmjs.org/proxy-addr/-/proxy-addr-1.0.1.tgz",
			"integrity": "sha1-x8Vm1etOP61n7rnHfFVYzMObiKg=",
			"requires": {
				"ipaddr.js": "0.1.2"
			}
		},
		"qs": {
			"version": "2.2.4",
			"resolved": "https://registry.npmjs.org/qs/-/qs-2.2.4.tgz",
			"integrity": "sha1-Lp+800tUDjQhySTs0B6QqpdTGcg="
		},
		"range-parser": {
			"version": "1.0.0",
			"resolved": "https://registry.npmjs.org/range-parser/-/range-parser-1.0.0.tgz",
			"integrity": "sha1-pLJkz+C+XONqvjdlrJwqJIdG28A="
		},
		"raw-body": {
			"version": "1.3.0",
			"resolved": "https://registry.npmjs.org/raw-body/-/raw-body-1.3.0.tgz",
			"integrity": "sha1-l4IwoValVI9C7vFN4i0PT2EAg9E=",
			"requires": {
				"bytes": "1",
				"iconv-lite": "0.4.4"
			}
		},
		"readable-stream": {
			"version": "1.0.31",
			"resolved": "https://registry.npmjs.org/readable-stream/-/readable-stream-1.0.31.tgz",
			"integrity": "sha1-jyUC4LyeOw2huUUgqrtOJgPsr64=",
			"requires": {
				"core-util-is": "~1.0.0",
				"inherits": "~2.0.1",
				"isarray": "0.0.1",
				"string_decoder": "~0.10.x"
			}
		},
		"regexp-clone": {
			"version": "0.0.1",
			"resolved": "https://registry.npmjs.org/regexp-clone/-/regexp-clone-0.0.1.tgz",
			"integrity": "sha1-p8LgmJH9vzj7sQ03b7cwA+aKxYk="
		},
		"requirejs": {
			"version": "2.3.6",
			"resolved": "https://registry.npmjs.org/requirejs/-/requirejs-2.3.6.tgz",
			"integrity": "sha512-ipEzlWQe6RK3jkzikgCupiTbTvm4S0/CAU5GlgptkN5SO6F3u0UD0K18wy6ErDqiCyP4J4YYe1HuAShvsxePLg=="
		},
		"send": {
			"version": "0.8.5",
			"resolved": "https://registry.npmjs.org/send/-/send-0.8.5.tgz",
			"integrity": "sha1-N/cIIW5vUMF150xp/sU0hOL9gsc=",
			"requires": {
				"debug": "1.0.4",
				"depd": "0.4.4",
				"destroy": "1.0.3",
				"escape-html": "1.0.1",
				"fresh": "0.2.2",
				"mime": "1.2.11",
				"ms": "0.6.2",
				"on-finished": "2.1.0",
				"range-parser": "~1.0.0"
			},
			"dependencies": {
				"depd": {
					"version": "0.4.4",
					"resolved": "https://registry.npmjs.org/depd/-/depd-0.4.4.tgz",
					"integrity": "sha1-BwkfrnX5eCjYm0oCotR3jw58BmI="
				}
			}
		},
		"serve-static": {
			"version": "1.5.4",
			"resolved": "https://registry.npmjs.org/serve-static/-/serve-static-1.5.4.tgz",
			"integrity": "sha1-gZ+zeuRr0C3VILd/z3/Y9REvl4I=",
			"requires": {
				"escape-html": "1.0.1",
				"parseurl": "~1.3.0",
				"send": "0.8.5",
				"utils-merge": "1.0.0"
			}
		},
		"sliced": {
			"version": "0.0.5",
			"resolved": "https://registry.npmjs.org/sliced/-/sliced-0.0.5.tgz",
			"integrity": "sha1-XtwETKTrb3gW1Qui/GPiXY/kcH8="
		},
		"string_decoder": {
			"version": "0.10.31",
			"resolved": "https://registry.npmjs.org/string_decoder/-/string_decoder-0.10.31.tgz",
			"integrity": "sha1-YuIDvEF2bGwoyfyEMB2rHFMQ+pQ="
		},
		"thenify": {
			"version": "3.2.0",
			"resolved": "https://registry.npmjs.org/thenify/-/thenify-3.2.0.tgz",
			"integrity": "sha1-QLkCsbxEFtwI2G8Q//81hvDscbk=",
			"requires": {
				"any-promise": "^1.0.0"
			}
		},
		"thenify-all": {
			"version": "1.6.0",
			"resolved": "https://registry.npmjs.org/thenify-all/-/thenify-all-1.6.0.tgz",
			"integrity": "sha1-GhkY1ALY/D+Y+/I02wvMjMEOlyY=",
			"requires": {
				"thenify": ">= 3.1.0 < 4"
			}
		},
		"type-is": {
			"version": "1.5.7",
			"resolved": "https://registry.npmjs.org/type-is/-/type-is-1.5.7.tgz",
			"integrity": "sha1-uTaKWTzG730GReeLL0xky+zQXpA=",
			"requires": {
				"media-typer": "0.3.0",
				"mime-types": "~2.0.9"
			}
		},
		"uid-safe": {
			"version": "1.0.1",
			"resolved": "https://registry.npmjs.org/uid-safe/-/uid-safe-1.0.1.tgz",
			"integrity": "sha1-W9FIRgouhPVPGT/SA1LIw9feasg=",
			"requires": {
				"base64-url": "1",
				"mz": "1"
			}
		},
		"utils-merge": {
			"version": "1.0.0",
			"resolved": "https://registry.npmjs.org/utils-merge/-/utils-merge-1.0.0.tgz",
			"integrity": "sha1-ApT7kiu5N1FTVBxPcJYjHyh8ivg="
		},
		"vary": {
			"version": "1.0.1",
			"resolved": "https://registry.npmjs.org/vary/-/vary-1.0.1.tgz",
			"integrity": "sha1-meSYFWaihhGN+yuBc1ffeZM3bRA="
		}
	}
}
